// !$*UTF8*$!
{
	archiveVersion = 1;
	classes = {
	};
	objectVersion = 77;
	objects = {

/* Begin PBXContainerItemProxy section */
		BB4BC5F32D62688000293A56 /* PBXContainerItemProxy */ = {
			isa = PBXContainerItemProxy;
			containerPortal = BB4BC5DA2D62687C00293A56 /* Project object */;
			proxyType = 1;
			remoteGlobalIDString = BB4BC5E12D62687C00293A56;
			remoteInfo = ScientificCalculator;
		};
		BB4BC5FD2D62688000293A56 /* PBXContainerItemProxy */ = {
			isa = PBXContainerItemProxy;
			containerPortal = BB4BC5DA2D62687C00293A56 /* Project object */;
			proxyType = 1;
			remoteGlobalIDString = BB4BC5E12D62687C00293A56;
			remoteInfo = ScientificCalculator;
		};
/* End PBXContainerItemProxy section */

/* Begin PBXFileReference section */
		BB4BC5E22D62687C00293A56 /* ScientificCalculator.app */ = {isa = PBXFileReference; explicitFileType = wrapper.application; includeInIndex = 0; path = ScientificCalculator.app; sourceTree = BUILT_PRODUCTS_DIR; };
		BB4BC5F22D62688000293A56 /* ScientificCalculatorTests.xctest */ = {isa = PBXFileReference; explicitFileType = wrapper.cfbundle; includeInIndex = 0; path = ScientificCalculatorTests.xctest; sourceTree = BUILT_PRODUCTS_DIR; };
		BB4BC5FC2D62688000293A56 /* ScientificCalculatorUITests.xctest */ = {isa = PBXFileReference; explicitFileType = wrapper.cfbundle; includeInIndex = 0; path = ScientificCalculatorUITests.xctest; sourceTree = BUILT_PRODUCTS_DIR; };
/* End PBXFileReference section */

/* Begin PBXFileSystemSynchronizedRootGroup section */
		BB4BC5E42D62687C00293A56 /* ScientificCalculator */ = {
			isa = PBXFileSystemSynchronizedRootGroup;
			path = ScientificCalculator;
			sourceTree = "<group>";
		};
		BB4BC5F52D62688000293A56 /* ScientificCalculatorTests */ = {
			isa = PBXFileSystemSynchronizedRootGroup;
			path = ScientificCalculatorTests;
			sourceTree = "<group>";
		};
		BB4BC5FF2D62688000293A56 /* ScientificCalculatorUITests */ = {
			isa = PBXFileSystemSynchronizedRootGroup;
			path = ScientificCalculatorUITests;
			sourceTree = "<group>";
		};
/* End PBXFileSystemSynchronizedRootGroup section */

/* Begin PBXFrameworksBuildPhase section */
		BB4BC5DF2D62687C00293A56 /* Frameworks */ = {
			isa = PBXFrameworksBuildPhase;
			buildActionMask = 2147483647;
			files = (
			);
			runOnlyForDeploymentPostprocessing = 0;
		};
		BB4BC5EF2D62688000293A56 /* Frameworks */ = {
			isa = PBXFrameworksBuildPhase;
			buildActionMask = 2147483647;
			files = (
			);
			runOnlyForDeploymentPostprocessing = 0;
		};
		BB4BC5F92D62688000293A56 /* Frameworks */ = {
			isa = PBXFrameworksBuildPhase;
			buildActionMask = 2147483647;
			files = (
			);
			runOnlyForDeploymentPostprocessing = 0;
		};
/* End PBXFrameworksBuildPhase section */

/* Begin PBXGroup section */
		BB4BC5D92D62687C00293A56 = {
			isa = PBXGroup;
			children = (
				BB4BC5E42D62687C00293A56 /* ScientificCalculator */,
				BB4BC5F52D62688000293A56 /* ScientificCalculatorTests */,
				BB4BC5FF2D62688000293A56 /* ScientificCalculatorUITests */,
				BB4BC5E32D62687C00293A56 /* Products */,
			);
			sourceTree = "<group>";
		};
		BB4BC5E32D62687C00293A56 /* Products */ = {
			isa = PBXGroup;
			children = (
				BB4BC5E22D62687C00293A56 /* ScientificCalculator.app */,
				BB4BC5F22D62688000293A56 /* ScientificCalculatorTests.xctest */,
				BB4BC5FC2D62688000293A56 /* ScientificCalculatorUITests.xctest */,
			);
			name = Products;
			sourceTree = "<group>";
		};
/* End PBXGroup section */

/* Begin PBXNativeTarget section */
		BB4BC5E12D62687C00293A56 /* ScientificCalculator */ = {
			isa = PBXNativeTarget;
			buildConfigurationList = BB4BC6062D62688000293A56 /* Build configuration list for PBXNativeTarget "ScientificCalculator" */;
			buildPhases = (
				BB4BC5DE2D62687C00293A56 /* Sources */,
				BB4BC5DF2D62687C00293A56 /* Frameworks */,
				BB4BC5E02D62687C00293A56 /* Resources */,
			);
			buildRules = (
			);
			dependencies = (
			);
			fileSystemSynchronizedGroups = (
				BB4BC5E42D62687C00293A56 /* ScientificCalculator */,
			);
			name = ScientificCalculator;
			packageProductDependencies = (
			);
			productName = ScientificCalculator;
			productReference = BB4BC5E22D62687C00293A56 /* ScientificCalculator.app */;
			productType = "com.apple.product-type.application";
		};
		BB4BC5F12D62688000293A56 /* ScientificCalculatorTests */ = {
			isa = PBXNativeTarget;
			buildConfigurationList = BB4BC6092D62688000293A56 /* Build configuration list for PBXNativeTarget "ScientificCalculatorTests" */;
			buildPhases = (
				BB4BC5EE2D62688000293A56 /* Sources */,
				BB4BC5EF2D62688000293A56 /* Frameworks */,
				BB4BC5F02D62688000293A56 /* Resources */,
			);
			buildRules = (
			);
			dependencies = (
				BB4BC5F42D62688000293A56 /* PBXTargetDependency */,
			);
			fileSystemSynchronizedGroups = (
				BB4BC5F52D62688000293A56 /* ScientificCalculatorTests */,
			);
			name = ScientificCalculatorTests;
			packageProductDependencies = (
			);
			productName = ScientificCalculatorTests;
			productReference = BB4BC5F22D62688000293A56 /* ScientificCalculatorTests.xctest */;
			productType = "com.apple.product-type.bundle.unit-test";
		};
		BB4BC5FB2D62688000293A56 /* ScientificCalculatorUITests */ = {
			isa = PBXNativeTarget;
			buildConfigurationList = BB4BC60C2D62688000293A56 /* Build configuration list for PBXNativeTarget "ScientificCalculatorUITests" */;
			buildPhases = (
				BB4BC5F82D62688000293A56 /* Sources */,
				BB4BC5F92D62688000293A56 /* Frameworks */,
				BB4BC5FA2D62688000293A56 /* Resources */,
			);
			buildRules = (
			);
			dependencies = (
				BB4BC5FE2D62688000293A56 /* PBXTargetDependency */,
			);
			fileSystemSynchronizedGroups = (
				BB4BC5FF2D62688000293A56 /* ScientificCalculatorUITests */,
			);
			name = ScientificCalculatorUITests;
			packageProductDependencies = (
			);
			productName = ScientificCalculatorUITests;
			productReference = BB4BC5FC2D62688000293A56 /* ScientificCalculatorUITests.xctest */;
			productType = "com.apple.product-type.bundle.ui-testing";
		};
/* End PBXNativeTarget section */

/* Begin PBXProject section */
		BB4BC5DA2D62687C00293A56 /* Project object */ = {
			isa = PBXProject;
			attributes = {
				BuildIndependentTargetsInParallel = 1;
				LastSwiftUpdateCheck = 1620;
				LastUpgradeCheck = 1620;
				TargetAttributes = {
					BB4BC5E12D62687C00293A56 = {
						CreatedOnToolsVersion = 16.2;
					};
					BB4BC5F12D62688000293A56 = {
						CreatedOnToolsVersion = 16.2;
						TestTargetID = BB4BC5E12D62687C00293A56;
					};
					BB4BC5FB2D62688000293A56 = {
						CreatedOnToolsVersion = 16.2;
						TestTargetID = BB4BC5E12D62687C00293A56;
					};
				};
			};
			buildConfigurationList = BB4BC5DD2D62687C00293A56 /* Build configuration list for PBXProject "ScientificCalculator" */;
			developmentRegion = en;
			hasScannedForEncodings = 0;
			knownRegions = (
				en,
				Base,
			);
			mainGroup = BB4BC5D92D62687C00293A56;
			minimizedProjectReferenceProxies = 1;
			preferredProjectObjectVersion = 77;
			productRefGroup = BB4BC5E32D62687C00293A56 /* Products */;
			projectDirPath = "";
			projectRoot = "";
			targets = (
				BB4BC5E12D62687C00293A56 /* ScientificCalculator */,
				BB4BC5F12D62688000293A56 /* ScientificCalculatorTests */,
				BB4BC5FB2D62688000293A56 /* ScientificCalculatorUITests */,
			);
		};
/* End PBXProject section */

/* Begin PBXResourcesBuildPhase section */
		BB4BC5E02D62687C00293A56 /* Resources */ = {
			isa = PBXResourcesBuildPhase;
			buildActionMask = 2147483647;
			files = (
			);
			runOnlyForDeploymentPostprocessing = 0;
		};
		BB4BC5F02D62688000293A56 /* Resources */ = {
			isa = PBXResourcesBuildPhase;
			buildActionMask = 2147483647;
			files = (
			);
			runOnlyForDeploymentPostprocessing = 0;
		};
		BB4BC5FA2D62688000293A56 /* Resources */ = {
			isa = PBXResourcesBuildPhase;
			buildActionMask = 2147483647;
			files = (
			);
			runOnlyForDeploymentPostprocessing = 0;
		};
/* End PBXResourcesBuildPhase section */

/* Begin PBXSourcesBuildPhase section */
		BB4BC5DE2D62687C00293A56 /* Sources */ = {
			isa = PBXSourcesBuildPhase;
			buildActionMask = 2147483647;
			files = (
			);
			runOnlyForDeploymentPostprocessing = 0;
		};
		BB4BC5EE2D62688000293A56 /* Sources */ = {
			isa = PBXSourcesBuildPhase;
			buildActionMask = 2147483647;
			files = (
			);
			runOnlyForDeploymentPostprocessing = 0;
		};
		BB4BC5F82D62688000293A56 /* Sources */ = {
			isa = PBXSourcesBuildPhase;
			buildActionMask = 2147483647;
			files = (
			);
			runOnlyForDeploymentPostprocessing = 0;
		};
/* End PBXSourcesBuildPhase section */

/* Begin PBXTargetDependency section */
		BB4BC5F42D62688000293A56 /* PBXTargetDependency */ = {
			isa = PBXTargetDependency;
			target = BB4BC5E12D62687C00293A56 /* ScientificCalculator */;
			targetProxy = BB4BC5F32D62688000293A56 /* PBXContainerItemProxy */;
		};
		BB4BC5FE2D62688000293A56 /* PBXTargetDependency */ = {
			isa = PBXTargetDependency;
			target = BB4BC5E12D62687C00293A56 /* ScientificCalculator */;
			targetProxy = BB4BC5FD2D62688000293A56 /* PBXContainerItemProxy */;
		};
/* End PBXTargetDependency section */

/* Begin XCBuildConfiguration section */
		BB4BC6042D62688000293A56 /* Debug */ = {
			isa = XCBuildConfiguration;
			buildSettings = {
				ALWAYS_SEARCH_USER_PATHS = NO;
				ASSETCATALOG_COMPILER_GENERATE_SWIFT_ASSET_SYMBOL_EXTENSIONS = YES;
				CLANG_ANALYZER_NONNULL = YES;
				CLANG_ANALYZER_NUMBER_OBJECT_CONVERSION = YES_AGGRESSIVE;
				CLANG_CXX_LANGUAGE_STANDARD = "gnu++20";
				CLANG_ENABLE_MODULES = YES;
				CLANG_ENABLE_OBJC_ARC = YES;
				CLANG_ENABLE_OBJC_WEAK = YES;
				CLANG_WARN_BLOCK_CAPTURE_AUTORELEASING = YES;
				CLANG_WARN_BOOL_CONVERSION = YES;
				CLANG_WARN_COMMA = YES;
				CLANG_WARN_CONSTANT_CONVERSION = YES;
				CLANG_WARN_DEPRECATED_OBJC_IMPLEMENTATIONS = YES;
				CLANG_WARN_DIRECT_OBJC_ISA_USAGE = YES_ERROR;
				CLANG_WARN_DOCUMENTATION_COMMENTS = YES;
				CLANG_WARN_EMPTY_BODY = YES;
				CLANG_WARN_ENUM_CONVERSION = YES;
				CLANG_WARN_INFINITE_RECURSION = YES;
				CLANG_WARN_INT_CONVERSION = YES;
				CLANG_WARN_NON_LITERAL_NULL_CONVERSION = YES;
				CLANG_WARN_OBJC_IMPLICIT_RETAIN_SELF = YES;
				CLANG_WARN_OBJC_LITERAL_CONVERSION = YES;
				CLANG_WARN_OBJC_ROOT_CLASS = YES_ERROR;
				CLANG_WARN_QUOTED_INCLUDE_IN_FRAMEWORK_HEADER = YES;
				CLANG_WARN_RANGE_LOOP_ANALYSIS = YES;
				CLANG_WARN_STRICT_PROTOTYPES = YES;
				CLANG_WARN_SUSPICIOUS_MOVE = YES;
				CLANG_WARN_UNGUARDED_AVAILABILITY = YES_AGGRESSIVE;
				CLANG_WARN_UNREACHABLE_CODE = YES;
				CLANG_WARN__DUPLICATE_METHOD_MATCH = YES;
				COPY_PHASE_STRIP = NO;
				DEBUG_INFORMATION_FORMAT = dwarf;
				ENABLE_STRICT_OBJC_MSGSEND = YES;
				ENABLE_TESTABILITY = YES;
				ENABLE_USER_SCRIPT_SANDBOXING = YES;
				GCC_C_LANGUAGE_STANDARD = gnu17;
				GCC_DYNAMIC_NO_PIC = NO;
				GCC_NO_COMMON_BLOCKS = YES;
				GCC_OPTIMIZATION_LEVEL = 0;
				GCC_PREPROCESSOR_DEFINITIONS = (
					"DEBUG=1",
					"$(inherited)",
				);
				GCC_WARN_64_TO_32_BIT_CONVERSION = YES;
				GCC_WARN_ABOUT_RETURN_TYPE = YES_ERROR;
				GCC_WARN_UNDECLARED_SELECTOR = YES;
				GCC_WARN_UNINITIALIZED_AUTOS = YES_AGGRESSIVE;
				GCC_WARN_UNUSED_FUNCTION = YES;
				GCC_WARN_UNUSED_VARIABLE = YES;
				IPHONEOS_DEPLOYMENT_TARGET = 18.2;
				LOCALIZATION_PREFERS_STRING_CATALOGS = YES;
				MTL_ENABLE_DEBUG_INFO = INCLUDE_SOURCE;
				MTL_FAST_MATH = YES;
				ONLY_ACTIVE_ARCH = YES;
				SDKROOT = iphoneos;
				SWIFT_ACTIVE_COMPILATION_CONDITIONS = "DEBUG $(inherited)";
				SWIFT_OPTIMIZATION_LEVEL = "-Onone";
			};
			name = Debug;
		};
		BB4BC6052D62688000293A56 /* Release */ = {
			isa = XCBuildConfiguration;
			buildSettings = {
				ALWAYS_SEARCH_USER_PATHS = NO;
				ASSETCATALOG_COMPILER_GENERATE_SWIFT_ASSET_SYMBOL_EXTENSIONS = YES;
				CLANG_ANALYZER_NONNULL = YES;
				CLANG_ANALYZER_NUMBER_OBJECT_CONVERSION = YES_AGGRESSIVE;
				CLANG_CXX_LANGUAGE_STANDARD = "gnu++20";
				CLANG_ENABLE_MODULES = YES;
				CLANG_ENABLE_OBJC_ARC = YES;
				CLANG_ENABLE_OBJC_WEAK = YES;
				CLANG_WARN_BLOCK_CAPTURE_AUTORELEASING = YES;
				CLANG_WARN_BOOL_CONVERSION = YES;
				CLANG_WARN_COMMA = YES;
				CLANG_WARN_CONSTANT_CONVERSION = YES;
				CLANG_WARN_DEPRECATED_OBJC_IMPLEMENTATIONS = YES;
				CLANG_WARN_DIRECT_OBJC_ISA_USAGE = YES_ERROR;
				CLANG_WARN_DOCUMENTATION_COMMENTS = YES;
				CLANG_WARN_EMPTY_BODY = YES;
				CLANG_WARN_ENUM_CONVERSION = YES;
				CLANG_WARN_INFINITE_RECURSION = YES;
				CLANG_WARN_INT_CONVERSION = YES;
				CLANG_WARN_NON_LITERAL_NULL_CONVERSION = YES;
				CLANG_WARN_OBJC_IMPLICIT_RETAIN_SELF = YES;
				CLANG_WARN_OBJC_LITERAL_CONVERSION = YES;
				CLANG_WARN_OBJC_ROOT_CLASS = YES_ERROR;
				CLANG_WARN_QUOTED_INCLUDE_IN_FRAMEWORK_HEADER = YES;
				CLANG_WARN_RANGE_LOOP_ANALYSIS = YES;
				CLANG_WARN_STRICT_PROTOTYPES = YES;
				CLANG_WARN_SUSPICIOUS_MOVE = YES;
				CLANG_WARN_UNGUARDED_AVAILABILITY = YES_AGGRESSIVE;
				CLANG_WARN_UNREACHABLE_CODE = YES;
				CLANG_WARN__DUPLICATE_METHOD_MATCH = YES;
				COPY_PHASE_STRIP = NO;
				DEBUG_INFORMATION_FORMAT = "dwarf-with-dsym";
				ENABLE_NS_ASSERTIONS = NO;
				ENABLE_STRICT_OBJC_MSGSEND = YES;
				ENABLE_USER_SCRIPT_SANDBOXING = YES;
				GCC_C_LANGUAGE_STANDARD = gnu17;
				GCC_NO_COMMON_BLOCKS = YES;
				GCC_WARN_64_TO_32_BIT_CONVERSION = YES;
				GCC_WARN_ABOUT_RETURN_TYPE = YES_ERROR;
				GCC_WARN_UNDECLARED_SELECTOR = YES;
				GCC_WARN_UNINITIALIZED_AUTOS = YES_AGGRESSIVE;
				GCC_WARN_UNUSED_FUNCTION = YES;
				GCC_WARN_UNUSED_VARIABLE = YES;
				IPHONEOS_DEPLOYMENT_TARGET = 18.2;
				LOCALIZATION_PREFERS_STRING_CATALOGS = YES;
				MTL_ENABLE_DEBUG_INFO = NO;
				MTL_FAST_MATH = YES;
				SDKROOT = iphoneos;
				SWIFT_COMPILATION_MODE = wholemodule;
				VALIDATE_PRODUCT = YES;
			};
			name = Release;
		};
		BB4BC6072D62688000293A56 /* Debug */ = {
			isa = XCBuildConfiguration;
			buildSettings = {
				ASSETCATALOG_COMPILER_APPICON_NAME = AppIcon;
				ASSETCATALOG_COMPILER_GLOBAL_ACCENT_COLOR_NAME = AccentColor;
				CODE_SIGN_STYLE = Automatic;
				CURRENT_PROJECT_VERSION = 1;
				DEVELOPMENT_ASSET_PATHS = "\"ScientificCalculator/Preview Content\"";
				ENABLE_PREVIEWS = YES;
				GENERATE_INFOPLIST_FILE = YES;
				INFOPLIST_KEY_UIApplicationSceneManifest_Generation = YES;
				INFOPLIST_KEY_UIApplicationSupportsIndirectInputEvents = YES;
				INFOPLIST_KEY_UILaunchScreen_Generation = YES;
				INFOPLIST_KEY_UISupportedInterfaceOrientations_iPad = "UIInterfaceOrientationPortrait UIInterfaceOrientationPortraitUpsideDown UIInterfaceOrientationLandscapeLeft UIInterfaceOrientationLandscapeRight";
				INFOPLIST_KEY_UISupportedInterfaceOrientations_iPhone = "UIInterfaceOrientationPortrait UIInterfaceOrientationLandscapeLeft UIInterfaceOrientationLandscapeRight";
				LD_RUNPATH_SEARCH_PATHS = (
					"$(inherited)",
					"@executable_path/Frameworks",
				);
				MARKETING_VERSION = 1.0;
				PRODUCT_BUNDLE_IDENTIFIER = mg.triumphware.ScientificCalculator;
				PRODUCT_NAME = "$(TARGET_NAME)";
				SWIFT_EMIT_LOC_STRINGS = YES;
				SWIFT_VERSION = 5.0;
				TARGETED_DEVICE_FAMILY = "1,2";
			};
			name = Debug;
		};
		BB4BC6082D62688000293A56 /* Release */ = {
			isa = XCBuildConfiguration;
			buildSettings = {
				ASSETCATALOG_COMPILER_APPICON_NAME = AppIcon;
				ASSETCATALOG_COMPILER_GLOBAL_ACCENT_COLOR_NAME = AccentColor;
				CODE_SIGN_STYLE = Automatic;
				CURRENT_PROJECT_VERSION = 1;
				DEVELOPMENT_ASSET_PATHS = "\"ScientificCalculator/Preview Content\"";
				ENABLE_PREVIEWS = YES;
				GENERATE_INFOPLIST_FILE = YES;
				INFOPLIST_KEY_UIApplicationSceneManifest_Generation = YES;
				INFOPLIST_KEY_UIApplicationSupportsIndirectInputEvents = YES;
				INFOPLIST_KEY_UILaunchScreen_Generation = YES;
				INFOPLIST_KEY_UISupportedInterfaceOrientations_iPad = "UIInterfaceOrientationPortrait UIInterfaceOrientationPortraitUpsideDown UIInterfaceOrientationLandscapeLeft UIInterfaceOrientationLandscapeRight";
				INFOPLIST_KEY_UISupportedInterfaceOrientations_iPhone = "UIInterfaceOrientationPortrait UIInterfaceOrientationLandscapeLeft UIInterfaceOrientationLandscapeRight";
				LD_RUNPATH_SEARCH_PATHS = (
					"$(inherited)",
					"@executable_path/Frameworks",
				);
				MARKETING_VERSION = 1.0;
				PRODUCT_BUNDLE_IDENTIFIER = mg.triumphware.ScientificCalculator;
				PRODUCT_NAME = "$(TARGET_NAME)";
				SWIFT_EMIT_LOC_STRINGS = YES;
				SWIFT_VERSION = 5.0;
				TARGETED_DEVICE_FAMILY = "1,2";
			};
			name = Release;
		};
		BB4BC60A2D62688000293A56 /* Debug */ = {
			isa = XCBuildConfiguration;
			buildSettings = {
				BUNDLE_LOADER = "$(TEST_HOST)";
				CODE_SIGN_STYLE = Automatic;
				CURRENT_PROJECT_VERSION = 1;
				GENERATE_INFOPLIST_FILE = YES;
				IPHONEOS_DEPLOYMENT_TARGET = 18.2;
				MARKETING_VERSION = 1.0;
				PRODUCT_BUNDLE_IDENTIFIER = mg.triumphware.ScientificCalculatorTests;
				PRODUCT_NAME = "$(TARGET_NAME)";
				SWIFT_EMIT_LOC_STRINGS = NO;
				SWIFT_VERSION = 5.0;
				TARGETED_DEVICE_FAMILY = "1,2";
				TEST_HOST = "$(BUILT_PRODUCTS_DIR)/ScientificCalculator.app/$(BUNDLE_EXECUTABLE_FOLDER_PATH)/ScientificCalculator";
			};
			name = Debug;
		};
		BB4BC60B2D62688000293A56 /* Release */ = {
			isa = XCBuildConfiguration;
			buildSettings = {
				BUNDLE_LOADER = "$(TEST_HOST)";
				CODE_SIGN_STYLE = Automatic;
				CURRENT_PROJECT_VERSION = 1;
				GENERATE_INFOPLIST_FILE = YES;
				IPHONEOS_DEPLOYMENT_TARGET = 18.2;
				MARKETING_VERSION = 1.0;
				PRODUCT_BUNDLE_IDENTIFIER = mg.triumphware.ScientificCalculatorTests;
				PRODUCT_NAME = "$(TARGET_NAME)";
				SWIFT_EMIT_LOC_STRINGS = NO;
				SWIFT_VERSION = 5.0;
				TARGETED_DEVICE_FAMILY = "1,2";
				TEST_HOST = "$(BUILT_PRODUCTS_DIR)/ScientificCalculator.app/$(BUNDLE_EXECUTABLE_FOLDER_PATH)/ScientificCalculator";
			};
			name = Release;
		};
		BB4BC60D2D62688000293A56 /* Debug */ = {
			isa = XCBuildConfiguration;
			buildSettings = {
				CODE_SIGN_STYLE = Automatic;
				CURRENT_PROJECT_VERSION = 1;
				GENERATE_INFOPLIST_FILE = YES;
				MARKETING_VERSION = 1.0;
				PRODUCT_BUNDLE_IDENTIFIER = mg.triumphware.ScientificCalculatorUITests;
				PRODUCT_NAME = "$(TARGET_NAME)";
				SWIFT_EMIT_LOC_STRINGS = NO;
				SWIFT_VERSION = 5.0;
				TARGETED_DEVICE_FAMILY = "1,2";
				TEST_TARGET_NAME = ScientificCalculator;
			};
			name = Debug;
		};
		BB4BC60E2D62688000293A56 /* Release */ = {
			isa = XCBuildConfiguration;
			buildSettings = {
				CODE_SIGN_STYLE = Automatic;
				CURRENT_PROJECT_VERSION = 1;
				GENERATE_INFOPLIST_FILE = YES;
				MARKETING_VERSION = 1.0;
				PRODUCT_BUNDLE_IDENTIFIER = mg.triumphware.ScientificCalculatorUITests;
				PRODUCT_NAME = "$(TARGET_NAME)";
				SWIFT_EMIT_LOC_STRINGS = NO;
				SWIFT_VERSION = 5.0;
				TARGETED_DEVICE_FAMILY = "1,2";
				TEST_TARGET_NAME = ScientificCalculator;
			};
			name = Release;
		};
/* End XCBuildConfiguration section */

/* Begin XCConfigurationList section */
		BB4BC5DD2D62687C00293A56 /* Build configuration list for PBXProject "ScientificCalculator" */ = {
			isa = XCConfigurationList;
			buildConfigurations = (
				BB4BC6042D62688000293A56 /* Debug */,
				BB4BC6052D62688000293A56 /* Release */,
			);
			defaultConfigurationIsVisible = 0;
			defaultConfigurationName = Release;
		};
		BB4BC6062D62688000293A56 /* Build configuration list for PBXNativeTarget "ScientificCalculator" */ = {
			isa = XCConfigurationList;
			buildConfigurations = (
				BB4BC6072D62688000293A56 /* Debug */,
				BB4BC6082D62688000293A56 /* Release */,
			);
			defaultConfigurationIsVisible = 0;
			defaultConfigurationName = Release;
		};
		BB4BC6092D62688000293A56 /* Build configuration list for PBXNativeTarget "ScientificCalculatorTests" */ = {
			isa = XCConfigurationList;
			buildConfigurations = (
				BB4BC60A2D62688000293A56 /* Debug */,
				BB4BC60B2D62688000293A56 /* Release */,
			);
			defaultConfigurationIsVisible = 0;
			defaultConfigurationName = Release;
		};
		BB4BC60C2D62688000293A56 /* Build configuration list for PBXNativeTarget "ScientificCalculatorUITests" */ = {
			isa = XCConfigurationList;
			buildConfigurations = (
				BB4BC60D2D62688000293A56 /* Debug */,
				BB4BC60E2D62688000293A56 /* Release */,
			);
			defaultConfigurationIsVisible = 0;
			defaultConfigurationName = Release;
		};
/* End XCConfigurationList section */
	};
	rootObject = BB4BC5DA2D62687C00293A56 /* Project object */;
}
